
Microsoft Visual Studio Solution File, Format Version 12.00
# Visual Studio Version 16
VisualStudioVersion = 16.0.30114.105
MinimumVisualStudioVersion = 10.0.40219.1
Project("{FAE04EC0-301F-11D3-BF4B-00C04F79EFBC}") = "ProEventos.Application", "ProEventos.Application\ProEventos.Application.csproj", "{40C1724A-4C46-4210-8DC0-DF8E731AD633}"
EndProject
Project("{FAE04EC0-301F-11D3-BF4B-00C04F79EFBC}") = "ProEventos.Domain", "ProEventos.Domain\ProEventos.Domain.csproj", "{110AA8FB-8A38-4193-A859-7CFD51877B90}"
EndProject
Project("{FAE04EC0-301F-11D3-BF4B-00C04F79EFBC}") = "ProEventos.API", "ProEventos.Api\ProEventos.API.csproj", "{AF0675CE-7D4C-4BFB-BC1D-4BE2FF0C3DE1}"
EndProject
Project("{FAE04EC0-301F-11D3-BF4B-00C04F79EFBC}") = "ProEventos.Persistence", "ProEventos.Persistence\ProEventos.Persistence.csproj", "{9D367392-9FA3-4118-97DB-9F278362EC91}"
EndProject
Global
	GlobalSection(SolutionConfigurationPlatforms) = preSolution
		Debug|Any CPU = Debug|Any CPU
		Debug|x64 = Debug|x64
		Debug|x86 = Debug|x86
		Release|Any CPU = Release|Any CPU
		Release|x64 = Release|x64
		Release|x86 = Release|x86
	EndGlobalSection
	GlobalSection(SolutionProperties) = preSolution
		HideSolutionNode = FALSE
	EndGlobalSection
	GlobalSection(ProjectConfigurationPlatforms) = postSolution
		{40C1724A-4C46-4210-8DC0-DF8E731AD633}.Debug|Any CPU.ActiveCfg = Debug|Any CPU
		{40C1724A-4C46-4210-8DC0-DF8E731AD633}.Debug|Any CPU.Build.0 = Debug|Any CPU
		{40C1724A-4C46-4210-8DC0-DF8E731AD633}.Debug|x64.ActiveCfg = Debug|Any CPU
		{40C1724A-4C46-4210-8DC0-DF8E731AD633}.Debug|x64.Build.0 = Debug|Any CPU
		{40C1724A-4C46-4210-8DC0-DF8E731AD633}.Debug|x86.ActiveCfg = Debug|Any CPU
		{40C1724A-4C46-4210-8DC0-DF8E731AD633}.Debug|x86.Build.0 = Debug|Any CPU
		{40C1724A-4C46-4210-8DC0-DF8E731AD633}.Release|Any CPU.ActiveCfg = Release|Any CPU
		{40C1724A-4C46-4210-8DC0-DF8E731AD633}.Release|Any CPU.Build.0 = Release|Any CPU
		{40C1724A-4C46-4210-8DC0-DF8E731AD633}.Release|x64.ActiveCfg = Release|Any CPU
		{40C1724A-4C46-4210-8DC0-DF8E731AD633}.Release|x64.Build.0 = Release|Any CPU
		{40C1724A-4C46-4210-8DC0-DF8E731AD633}.Release|x86.ActiveCfg = Release|Any CPU
		{40C1724A-4C46-4210-8DC0-DF8E731AD633}.Release|x86.Build.0 = Release|Any CPU
		{110AA8FB-8A38-4193-A859-7CFD51877B90}.Debug|Any CPU.ActiveCfg = Debug|Any CPU
		{110AA8FB-8A38-4193-A859-7CFD51877B90}.Debug|Any CPU.Build.0 = Debug|Any CPU
		{110AA8FB-8A38-4193-A859-7CFD51877B90}.Debug|x64.ActiveCfg = Debug|Any CPU
		{110AA8FB-8A38-4193-A859-7CFD51877B90}.Debug|x64.Build.0 = Debug|Any CPU
		{110AA8FB-8A38-4193-A859-7CFD51877B90}.Debug|x86.ActiveCfg = Debug|Any CPU
		{110AA8FB-8A38-4193-A859-7CFD51877B90}.Debug|x86.Build.0 = Debug|Any CPU
		{110AA8FB-8A38-4193-A859-7CFD51877B90}.Release|Any CPU.ActiveCfg = Release|Any CPU
		{110AA8FB-8A38-4193-A859-7CFD51877B90}.Release|Any CPU.Build.0 = Release|Any CPU
		{110AA8FB-8A38-4193-A859-7CFD51877B90}.Release|x64.ActiveCfg = Release|Any CPU
		{110AA8FB-8A38-4193-A859-7CFD51877B90}.Release|x64.Build.0 = Release|Any CPU
		{110AA8FB-8A38-4193-A859-7CFD51877B90}.Release|x86.ActiveCfg = Release|Any CPU
		{110AA8FB-8A38-4193-A859-7CFD51877B90}.Release|x86.Build.0 = Release|Any CPU
		{AF0675CE-7D4C-4BFB-BC1D-4BE2FF0C3DE1}.Debug|Any CPU.ActiveCfg = Debug|Any CPU
		{AF0675CE-7D4C-4BFB-BC1D-4BE2FF0C3DE1}.Debug|Any CPU.Build.0 = Debug|Any CPU
		{AF0675CE-7D4C-4BFB-BC1D-4BE2FF0C3DE1}.Debug|x64.ActiveCfg = Debug|Any CPU
		{AF0675CE-7D4C-4BFB-BC1D-4BE2FF0C3DE1}.Debug|x64.Build.0 = Debug|Any CPU
		{AF0675CE-7D4C-4BFB-BC1D-4BE2FF0C3DE1}.Debug|x86.ActiveCfg = Debug|Any CPU
		{AF0675CE-7D4C-4BFB-BC1D-4BE2FF0C3DE1}.Debug|x86.Build.0 = Debug|Any CPU
		{AF0675CE-7D4C-4BFB-BC1D-4BE2FF0C3DE1}.Release|Any CPU.ActiveCfg = Release|Any CPU
		{AF0675CE-7D4C-4BFB-BC1D-4BE2FF0C3DE1}.Release|Any CPU.Build.0 = Release|Any CPU
		{AF0675CE-7D4C-4BFB-BC1D-4BE2FF0C3DE1}.Release|x64.ActiveCfg = Release|Any CPU
		{AF0675CE-7D4C-4BFB-BC1D-4BE2FF0C3DE1}.Release|x64.Build.0 = Release|Any CPU
		{AF0675CE-7D4C-4BFB-BC1D-4BE2FF0C3DE1}.Release|x86.ActiveCfg = Release|Any CPU
		{AF0675CE-7D4C-4BFB-BC1D-4BE2FF0C3DE1}.Release|x86.Build.0 = Release|Any CPU
		{9D367392-9FA3-4118-97DB-9F278362EC91}.Debug|Any CPU.ActiveCfg = Debug|Any CPU
		{9D367392-9FA3-4118-97DB-9F278362EC91}.Debug|Any CPU.Build.0 = Debug|Any CPU
		{9D367392-9FA3-4118-97DB-9F278362EC91}.Debug|x64.ActiveCfg = Debug|Any CPU
		{9D367392-9FA3-4118-97DB-9F278362EC91}.Debug|x64.Build.0 = Debug|Any CPU
		{9D367392-9FA3-4118-97DB-9F278362EC91}.Debug|x86.ActiveCfg = Debug|Any CPU
		{9D367392-9FA3-4118-97DB-9F278362EC91}.Debug|x86.Build.0 = Debug|Any CPU
		{9D367392-9FA3-4118-97DB-9F278362EC91}.Release|Any CPU.ActiveCfg = Release|Any CPU
		{9D367392-9FA3-4118-97DB-9F278362EC91}.Release|Any CPU.Build.0 = Release|Any CPU
		{9D367392-9FA3-4118-97DB-9F278362EC91}.Release|x64.ActiveCfg = Release|Any CPU
		{9D367392-9FA3-4118-97DB-9F278362EC91}.Release|x64.Build.0 = Release|Any CPU
		{9D367392-9FA3-4118-97DB-9F278362EC91}.Release|x86.ActiveCfg = Release|Any CPU
		{9D367392-9FA3-4118-97DB-9F278362EC91}.Release|x86.Build.0 = Release|Any CPU
	EndGlobalSection
EndGlobal
